
Microsoft Visual Studio Solution File, Format Version 12.00
# Visual Studio 15
VisualStudioVersion = 15.0.28010.2036
MinimumVisualStudioVersion = 10.0.40219.1
Project("{FAE04EC0-301F-11D3-BF4B-00C04F79EFBC}") = "Assignment1-Task3-Console", "Assignment1-Task3-Console\Assignment1-Task3-Console.csproj", "{EE649F7E-EBB2-470A-BA37-EA3E8074C0FF}"
EndProject
Global
	GlobalSection(SolutionConfigurationPlatforms) = preSolution
		Debug|Any CPU = Debug|Any CPU
		Release|Any CPU = Release|Any CPU
	EndGlobalSection
	GlobalSection(ProjectConfigurationPlatforms) = postSolution
		{EE649F7E-EBB2-470A-BA37-EA3E8074C0FF}.Debug|Any CPU.ActiveCfg = Debug|Any CPU
		{EE649F7E-EBB2-470A-BA37-EA3E8074C0FF}.Debug|Any CPU.Build.0 = Debug|Any CPU
		{EE649F7E-EBB2-470A-BA37-EA3E8074C0FF}.Release|Any CPU.ActiveCfg = Release|Any CPU
		{EE649F7E-EBB2-470A-BA37-EA3E8074C0FF}.Release|Any CPU.Build.0 = Release|Any CPU
	EndGlobalSection
	GlobalSection(SolutionProperties) = preSolution
		HideSolutionNode = FALSE
	EndGlobalSection
	GlobalSection(ExtensibilityGlobals) = postSolution
		SolutionGuid = {FECD3C21-4571-482E-AC66-18D0F7B5CC60}
	EndGlobalSection
EndGlobal
